// !$*UTF8*$!
{
	archiveVersion = 1;
	classes = {
	};
	objectVersion = 50;
	objects = {

/* Begin PBXBuildFile section */
		1A79C438276B849100016F6D /* dataParsing.swift in Sources */ = {isa = PBXBuildFile; fileRef = 1A79C437276B849100016F6D /* dataParsing.swift */; };
		1AC4675F2784820F00093441 /* listView.swift in Sources */ = {isa = PBXBuildFile; fileRef = 1AC4675E2784820F00093441 /* listView.swift */; };
		1AC467612784AE5600093441 /* detailedView.swift in Sources */ = {isa = PBXBuildFile; fileRef = 1AC467602784AE5600093441 /* detailedView.swift */; };
		1AE68DDB276B81B100A578FD /* WeatherTestApp.swift in Sources */ = {isa = PBXBuildFile; fileRef = 1AE68DDA276B81B100A578FD /* WeatherTestApp.swift */; };
		1AE68DDD276B81B100A578FD /* ContentView.swift in Sources */ = {isa = PBXBuildFile; fileRef = 1AE68DDC276B81B100A578FD /* ContentView.swift */; };
		1AE68DDF276B81B400A578FD /* Assets.xcassets in Resources */ = {isa = PBXBuildFile; fileRef = 1AE68DDE276B81B400A578FD /* Assets.xcassets */; };
		1AE68DE2276B81B400A578FD /* Preview Assets.xcassets in Resources */ = {isa = PBXBuildFile; fileRef = 1AE68DE1276B81B400A578FD /* Preview Assets.xcassets */; };
		1AE68DED276B81B500A578FD /* WeatherTestTests.swift in Sources */ = {isa = PBXBuildFile; fileRef = 1AE68DEC276B81B500A578FD /* WeatherTestTests.swift */; };
		1AE68DF8276B81B500A578FD /* WeatherTestUITests.swift in Sources */ = {isa = PBXBuildFile; fileRef = 1AE68DF7276B81B500A578FD /* WeatherTestUITests.swift */; };
		EA483C8BE05AAF37BEC4A75E /* libPods-WeatherTest.a in Frameworks */ = {isa = PBXBuildFile; fileRef = ED5F42D7BDA87D5B97B58B17 /* libPods-WeatherTest.a */; };
		F091E557279F0E4600E5155B /* CompactView.swift in Sources */ = {isa = PBXBuildFile; fileRef = F091E556279F0E4600E5155B /* CompactView.swift */; };
/* End PBXBuildFile section */

/* Begin PBXContainerItemProxy section */
		1AE68DE9276B81B500A578FD /* PBXContainerItemProxy */ = {
			isa = PBXContainerItemProxy;
			containerPortal = 1AE68DCF276B81B100A578FD /* Project object */;
			proxyType = 1;
			remoteGlobalIDString = 1AE68DD6276B81B100A578FD;
			remoteInfo = WeatherTest;
		};
		1AE68DF4276B81B500A578FD /* PBXContainerItemProxy */ = {
			isa = PBXContainerItemProxy;
			containerPortal = 1AE68DCF276B81B100A578FD /* Project object */;
			proxyType = 1;
			remoteGlobalIDString = 1AE68DD6276B81B100A578FD;
			remoteInfo = WeatherTest;
		};
/* End PBXContainerItemProxy section */

/* Begin PBXFileReference section */
		1A79C437276B849100016F6D /* dataParsing.swift */ = {isa = PBXFileReference; lastKnownFileType = sourcecode.swift; path = dataParsing.swift; sourceTree = "<group>"; };
		1AC4675E2784820F00093441 /* listView.swift */ = {isa = PBXFileReference; lastKnownFileType = sourcecode.swift; path = listView.swift; sourceTree = "<group>"; };
		1AC467602784AE5600093441 /* detailedView.swift */ = {isa = PBXFileReference; lastKnownFileType = sourcecode.swift; path = detailedView.swift; sourceTree = "<group>"; };
		1AE68DD7276B81B100A578FD /* WeatherTest.app */ = {isa = PBXFileReference; explicitFileType = wrapper.application; includeInIndex = 0; path = WeatherTest.app; sourceTree = BUILT_PRODUCTS_DIR; };
		1AE68DDA276B81B100A578FD /* WeatherTestApp.swift */ = {isa = PBXFileReference; lastKnownFileType = sourcecode.swift; path = WeatherTestApp.swift; sourceTree = "<group>"; };
		1AE68DDC276B81B100A578FD /* ContentView.swift */ = {isa = PBXFileReference; lastKnownFileType = sourcecode.swift; path = ContentView.swift; sourceTree = "<group>"; };
		1AE68DDE276B81B400A578FD /* Assets.xcassets */ = {isa = PBXFileReference; lastKnownFileType = folder.assetcatalog; path = Assets.xcassets; sourceTree = "<group>"; };
		1AE68DE1276B81B400A578FD /* Preview Assets.xcassets */ = {isa = PBXFileReference; lastKnownFileType = folder.assetcatalog; path = "Preview Assets.xcassets"; sourceTree = "<group>"; };
		1AE68DE3276B81B400A578FD /* Info.plist */ = {isa = PBXFileReference; lastKnownFileType = text.plist.xml; path = Info.plist; sourceTree = "<group>"; };
		1AE68DE8276B81B500A578FD /* WeatherTestTests.xctest */ = {isa = PBXFileReference; explicitFileType = wrapper.cfbundle; includeInIndex = 0; path = WeatherTestTests.xctest; sourceTree = BUILT_PRODUCTS_DIR; };
		1AE68DEC276B81B500A578FD /* WeatherTestTests.swift */ = {isa = PBXFileReference; lastKnownFileType = sourcecode.swift; path = WeatherTestTests.swift; sourceTree = "<group>"; };
		1AE68DEE276B81B500A578FD /* Info.plist */ = {isa = PBXFileReference; lastKnownFileType = text.plist.xml; path = Info.plist; sourceTree = "<group>"; };
		1AE68DF3276B81B500A578FD /* WeatherTestUITests.xctest */ = {isa = PBXFileReference; explicitFileType = wrapper.cfbundle; includeInIndex = 0; path = WeatherTestUITests.xctest; sourceTree = BUILT_PRODUCTS_DIR; };
		1AE68DF7276B81B500A578FD /* WeatherTestUITests.swift */ = {isa = PBXFileReference; lastKnownFileType = sourcecode.swift; path = WeatherTestUITests.swift; sourceTree = "<group>"; };
		1AE68DF9276B81B500A578FD /* Info.plist */ = {isa = PBXFileReference; lastKnownFileType = text.plist.xml; path = Info.plist; sourceTree = "<group>"; };
		714B7AA110E1AB26F5398289 /* Pods-WeatherTest.debug.xcconfig */ = {isa = PBXFileReference; includeInIndex = 1; lastKnownFileType = text.xcconfig; name = "Pods-WeatherTest.debug.xcconfig"; path = "Target Support Files/Pods-WeatherTest/Pods-WeatherTest.debug.xcconfig"; sourceTree = "<group>"; };
		CE611DA3F36A08767FE7FCFF /* Pods-WeatherTest.release.xcconfig */ = {isa = PBXFileReference; includeInIndex = 1; lastKnownFileType = text.xcconfig; name = "Pods-WeatherTest.release.xcconfig"; path = "Target Support Files/Pods-WeatherTest/Pods-WeatherTest.release.xcconfig"; sourceTree = "<group>"; };
		ED5F42D7BDA87D5B97B58B17 /* libPods-WeatherTest.a */ = {isa = PBXFileReference; explicitFileType = archive.ar; includeInIndex = 0; path = "libPods-WeatherTest.a"; sourceTree = BUILT_PRODUCTS_DIR; };
		F091E556279F0E4600E5155B /* CompactView.swift */ = {isa = PBXFileReference; lastKnownFileType = sourcecode.swift; path = CompactView.swift; sourceTree = "<group>"; };
/* End PBXFileReference section */

/* Begin PBXFrameworksBuildPhase section */
		1AE68DD4276B81B100A578FD /* Frameworks */ = {
			isa = PBXFrameworksBuildPhase;
			buildActionMask = 2147483647;
			files = (
				EA483C8BE05AAF37BEC4A75E /* libPods-WeatherTest.a in Frameworks */,
			);
			runOnlyForDeploymentPostprocessing = 0;
		};
		1AE68DE5276B81B500A578FD /* Frameworks */ = {
			isa = PBXFrameworksBuildPhase;
			buildActionMask = 2147483647;
			files = (
			);
			runOnlyForDeploymentPostprocessing = 0;
		};
		1AE68DF0276B81B500A578FD /* Frameworks */ = {
			isa = PBXFrameworksBuildPhase;
			buildActionMask = 2147483647;
			files = (
			);
			runOnlyForDeploymentPostprocessing = 0;
		};
/* End PBXFrameworksBuildPhase section */

/* Begin PBXGroup section */
		1AE68DCE276B81B100A578FD = {
			isa = PBXGroup;
			children = (
				1AE68DD9276B81B100A578FD /* WeatherTest */,
				1AE68DEB276B81B500A578FD /* WeatherTestTests */,
				1AE68DF6276B81B500A578FD /* WeatherTestUITests */,
				1AE68DD8276B81B100A578FD /* Products */,
				F14BB143C6885B2FB2A1D981 /* Pods */,
				EA912B7E49AD423CBE802285 /* Frameworks */,
			);
			sourceTree = "<group>";
		};
		1AE68DD8276B81B100A578FD /* Products */ = {
			isa = PBXGroup;
			children = (
				1AE68DD7276B81B100A578FD /* WeatherTest.app */,
				1AE68DE8276B81B500A578FD /* WeatherTestTests.xctest */,
				1AE68DF3276B81B500A578FD /* WeatherTestUITests.xctest */,
			);
			name = Products;
			sourceTree = "<group>";
		};
		1AE68DD9276B81B100A578FD /* WeatherTest */ = {
			isa = PBXGroup;
			children = (
				1AE68DDA276B81B100A578FD /* WeatherTestApp.swift */,
				1AE68DDC276B81B100A578FD /* ContentView.swift */,
				1AE68DDE276B81B400A578FD /* Assets.xcassets */,
				1AE68DE3276B81B400A578FD /* Info.plist */,
				1AE68DE0276B81B400A578FD /* Preview Content */,
				1A79C437276B849100016F6D /* dataParsing.swift */,
				1AC4675E2784820F00093441 /* listView.swift */,
				1AC467602784AE5600093441 /* detailedView.swift */,
				F091E556279F0E4600E5155B /* CompactView.swift */,
			);
			path = WeatherTest;
			sourceTree = "<group>";
		};
		1AE68DE0276B81B400A578FD /* Preview Content */ = {
			isa = PBXGroup;
			children = (
				1AE68DE1276B81B400A578FD /* Preview Assets.xcassets */,
			);
			path = "Preview Content";
			sourceTree = "<group>";
		};
		1AE68DEB276B81B500A578FD /* WeatherTestTests */ = {
			isa = PBXGroup;
			children = (
				1AE68DEC276B81B500A578FD /* WeatherTestTests.swift */,
				1AE68DEE276B81B500A578FD /* Info.plist */,
			);
			path = WeatherTestTests;
			sourceTree = "<group>";
		};
		1AE68DF6276B81B500A578FD /* WeatherTestUITests */ = {
			isa = PBXGroup;
			children = (
				1AE68DF7276B81B500A578FD /* WeatherTestUITests.swift */,
				1AE68DF9276B81B500A578FD /* Info.plist */,
			);
			path = WeatherTestUITests;
			sourceTree = "<group>";
		};
		EA912B7E49AD423CBE802285 /* Frameworks */ = {
			isa = PBXGroup;
			children = (
				ED5F42D7BDA87D5B97B58B17 /* libPods-WeatherTest.a */,
			);
			name = Frameworks;
			sourceTree = "<group>";
		};
		F14BB143C6885B2FB2A1D981 /* Pods */ = {
			isa = PBXGroup;
			children = (
				714B7AA110E1AB26F5398289 /* Pods-WeatherTest.debug.xcconfig */,
				CE611DA3F36A08767FE7FCFF /* Pods-WeatherTest.release.xcconfig */,
			);
			path = Pods;
			sourceTree = "<group>";
		};
/* End PBXGroup section */

/* Begin PBXNativeTarget section */
		1AE68DD6276B81B100A578FD /* WeatherTest */ = {
			isa = PBXNativeTarget;
			buildConfigurationList = 1AE68DFC276B81B500A578FD /* Build configuration list for PBXNativeTarget "WeatherTest" */;
			buildPhases = (
				E490914DCE43E9463CE50253 /* [CP] Check Pods Manifest.lock */,
				1AE68DD3276B81B100A578FD /* Sources */,
				1AE68DD4276B81B100A578FD /* Frameworks */,
				1AE68DD5276B81B100A578FD /* Resources */,
			);
			buildRules = (
			);
			dependencies = (
			);
			name = WeatherTest;
			productName = WeatherTest;
			productReference = 1AE68DD7276B81B100A578FD /* WeatherTest.app */;
			productType = "com.apple.product-type.application";
		};
		1AE68DE7276B81B500A578FD /* WeatherTestTests */ = {
			isa = PBXNativeTarget;
			buildConfigurationList = 1AE68DFF276B81B500A578FD /* Build configuration list for PBXNativeTarget "WeatherTestTests" */;
			buildPhases = (
				1AE68DE4276B81B500A578FD /* Sources */,
				1AE68DE5276B81B500A578FD /* Frameworks */,
				1AE68DE6276B81B500A578FD /* Resources */,
			);
			buildRules = (
			);
			dependencies = (
				1AE68DEA276B81B500A578FD /* PBXTargetDependency */,
			);
			name = WeatherTestTests;
			productName = WeatherTestTests;
			productReference = 1AE68DE8276B81B500A578FD /* WeatherTestTests.xctest */;
			productType = "com.apple.product-type.bundle.unit-test";
		};
		1AE68DF2276B81B500A578FD /* WeatherTestUITests */ = {
			isa = PBXNativeTarget;
			buildConfigurationList = 1AE68E02276B81B500A578FD /* Build configuration list for PBXNativeTarget "WeatherTestUITests" */;
			buildPhases = (
				1AE68DEF276B81B500A578FD /* Sources */,
				1AE68DF0276B81B500A578FD /* Frameworks */,
				1AE68DF1276B81B500A578FD /* Resources */,
			);
			buildRules = (
			);
			dependencies = (
				1AE68DF5276B81B500A578FD /* PBXTargetDependency */,
			);
			name = WeatherTestUITests;
			productName = WeatherTestUITests;
			productReference = 1AE68DF3276B81B500A578FD /* WeatherTestUITests.xctest */;
			productType = "com.apple.product-type.bundle.ui-testing";
		};
/* End PBXNativeTarget section */

/* Begin PBXProject section */
		1AE68DCF276B81B100A578FD /* Project object */ = {
			isa = PBXProject;
			attributes = {
				LastSwiftUpdateCheck = 1250;
				LastUpgradeCheck = 1250;
				TargetAttributes = {
					1AE68DD6276B81B100A578FD = {
						CreatedOnToolsVersion = 12.5;
					};
					1AE68DE7276B81B500A578FD = {
						CreatedOnToolsVersion = 12.5;
						TestTargetID = 1AE68DD6276B81B100A578FD;
					};
					1AE68DF2276B81B500A578FD = {
						CreatedOnToolsVersion = 12.5;
						TestTargetID = 1AE68DD6276B81B100A578FD;
					};
				};
			};
			buildConfigurationList = 1AE68DD2276B81B100A578FD /* Build configuration list for PBXProject "WeatherTest" */;
			compatibilityVersion = "Xcode 9.3";
			developmentRegion = en;
			hasScannedForEncodings = 0;
			knownRegions = (
				en,
				Base,
			);
			mainGroup = 1AE68DCE276B81B100A578FD;
			productRefGroup = 1AE68DD8276B81B100A578FD /* Products */;
			projectDirPath = "";
			projectRoot = "";
			targets = (
				1AE68DD6276B81B100A578FD /* WeatherTest */,
				1AE68DE7276B81B500A578FD /* WeatherTestTests */,
				1AE68DF2276B81B500A578FD /* WeatherTestUITests */,
			);
		};
/* End PBXProject section */

/* Begin PBXResourcesBuildPhase section */
		1AE68DD5276B81B100A578FD /* Resources */ = {
			isa = PBXResourcesBuildPhase;
			buildActionMask = 2147483647;
			files = (
				1AE68DE2276B81B400A578FD /* Preview Assets.xcassets in Resources */,
				1AE68DDF276B81B400A578FD /* Assets.xcassets in Resources */,
			);
			runOnlyForDeploymentPostprocessing = 0;
		};
		1AE68DE6276B81B500A578FD /* Resources */ = {
			isa = PBXResourcesBuildPhase;
			buildActionMask = 2147483647;
			files = (
			);
			runOnlyForDeploymentPostprocessing = 0;
		};
		1AE68DF1276B81B500A578FD /* Resources */ = {
			isa = PBXResourcesBuildPhase;
			buildActionMask = 2147483647;
			files = (
			);
			runOnlyForDeploymentPostprocessing = 0;
		};
/* End PBXResourcesBuildPhase section */

/* Begin PBXShellScriptBuildPhase section */
		E490914DCE43E9463CE50253 /* [CP] Check Pods Manifest.lock */ = {
			isa = PBXShellScriptBuildPhase;
			buildActionMask = 2147483647;
			files = (
			);
			inputFileListPaths = (
			);
			inputPaths = (
				"${PODS_PODFILE_DIR_PATH}/Podfile.lock",
				"${PODS_ROOT}/Manifest.lock",
			);
			name = "[CP] Check Pods Manifest.lock";
			outputFileListPaths = (
			);
			outputPaths = (
				"$(DERIVED_FILE_DIR)/Pods-WeatherTest-checkManifestLockResult.txt",
			);
			runOnlyForDeploymentPostprocessing = 0;
			shellPath = /bin/sh;
			shellScript = "diff \"${PODS_PODFILE_DIR_PATH}/Podfile.lock\" \"${PODS_ROOT}/Manifest.lock\" > /dev/null\nif [ $? != 0 ] ; then\n    # print error to STDERR\n    echo \"error: The sandbox is not in sync with the Podfile.lock. Run 'pod install' or update your CocoaPods installation.\" >&2\n    exit 1\nfi\n# This output is used by Xcode 'outputs' to avoid re-running this script phase.\necho \"SUCCESS\" > \"${SCRIPT_OUTPUT_FILE_0}\"\n";
			showEnvVarsInLog = 0;
		};
/* End PBXShellScriptBuildPhase section */

/* Begin PBXSourcesBuildPhase section */
		1AE68DD3276B81B100A578FD /* Sources */ = {
			isa = PBXSourcesBuildPhase;
			buildActionMask = 2147483647;
			files = (
				1AC4675F2784820F00093441 /* listView.swift in Sources */,
				1AE68DDD276B81B100A578FD /* ContentView.swift in Sources */,
				1AC467612784AE5600093441 /* detailedView.swift in Sources */,
				1A79C438276B849100016F6D /* dataParsing.swift in Sources */,
				F091E557279F0E4600E5155B /* CompactView.swift in Sources */,
				1AE68DDB276B81B100A578FD /* WeatherTestApp.swift in Sources */,
			);
			runOnlyForDeploymentPostprocessing = 0;
		};
		1AE68DE4276B81B500A578FD /* Sources */ = {
			isa = PBXSourcesBuildPhase;
			buildActionMask = 2147483647;
			files = (
				1AE68DED276B81B500A578FD /* WeatherTestTests.swift in Sources */,
			);
			runOnlyForDeploymentPostprocessing = 0;
		};
		1AE68DEF276B81B500A578FD /* Sources */ = {
			isa = PBXSourcesBuildPhase;
			buildActionMask = 2147483647;
			files = (
				1AE68DF8276B81B500A578FD /* WeatherTestUITests.swift in Sources */,
			);
			runOnlyForDeploymentPostprocessing = 0;
		};
/* End PBXSourcesBuildPhase section */

/* Begin PBXTargetDependency section */
		1AE68DEA276B81B500A578FD /* PBXTargetDependency */ = {
			isa = PBXTargetDependency;
			target = 1AE68DD6276B81B100A578FD /* WeatherTest */;
			targetProxy = 1AE68DE9276B81B500A578FD /* PBXContainerItemProxy */;
		};
		1AE68DF5276B81B500A578FD /* PBXTargetDependency */ = {
			isa = PBXTargetDependency;
			target = 1AE68DD6276B81B100A578FD /* WeatherTest */;
			targetProxy = 1AE68DF4276B81B500A578FD /* PBXContainerItemProxy */;
		};
/* End PBXTargetDependency section */

/* Begin XCBuildConfiguration section */
		1AE68DFA276B81B500A578FD /* Debug */ = {
			isa = XCBuildConfiguration;
			buildSettings = {
				ALWAYS_SEARCH_USER_PATHS = NO;
				CLANG_ANALYZER_NONNULL = YES;
				CLANG_ANALYZER_NUMBER_OBJECT_CONVERSION = YES_AGGRESSIVE;
				CLANG_CXX_LANGUAGE_STANDARD = "gnu++14";
				CLANG_CXX_LIBRARY = "libc++";
				CLANG_ENABLE_MODULES = YES;
				CLANG_ENABLE_OBJC_ARC = YES;
				CLANG_ENABLE_OBJC_WEAK = YES;
				CLANG_WARN_BLOCK_CAPTURE_AUTORELEASING = YES;
				CLANG_WARN_BOOL_CONVERSION = YES;
				CLANG_WARN_COMMA = YES;
				CLANG_WARN_CONSTANT_CONVERSION = YES;
				CLANG_WARN_DEPRECATED_OBJC_IMPLEMENTATIONS = YES;
				CLANG_WARN_DIRECT_OBJC_ISA_USAGE = YES_ERROR;
				CLANG_WARN_DOCUMENTATION_COMMENTS = YES;
				CLANG_WARN_EMPTY_BODY = YES;
				CLANG_WARN_ENUM_CONVERSION = YES;
				CLANG_WARN_INFINITE_RECURSION = YES;
				CLANG_WARN_INT_CONVERSION = YES;
				CLANG_WARN_NON_LITERAL_NULL_CONVERSION = YES;
				CLANG_WARN_OBJC_IMPLICIT_RETAIN_SELF = YES;
				CLANG_WARN_OBJC_LITERAL_CONVERSION = YES;
				CLANG_WARN_OBJC_ROOT_CLASS = YES_ERROR;
				CLANG_WARN_QUOTED_INCLUDE_IN_FRAMEWORK_HEADER = YES;
				CLANG_WARN_RANGE_LOOP_ANALYSIS = YES;
				CLANG_WARN_STRICT_PROTOTYPES = YES;
				CLANG_WARN_SUSPICIOUS_MOVE = YES;
				CLANG_WARN_UNGUARDED_AVAILABILITY = YES_AGGRESSIVE;
				CLANG_WARN_UNREACHABLE_CODE = YES;
				CLANG_WARN__DUPLICATE_METHOD_MATCH = YES;
				COPY_PHASE_STRIP = NO;
				DEBUG_INFORMATION_FORMAT = dwarf;
				ENABLE_STRICT_OBJC_MSGSEND = YES;
				ENABLE_TESTABILITY = YES;
				GCC_C_LANGUAGE_STANDARD = gnu11;
				GCC_DYNAMIC_NO_PIC = NO;
				GCC_NO_COMMON_BLOCKS = YES;
				GCC_OPTIMIZATION_LEVEL = 0;
				GCC_PREPROCESSOR_DEFINITIONS = (
					"DEBUG=1",
					"$(inherited)",
				);
				GCC_WARN_64_TO_32_BIT_CONVERSION = YES;
				GCC_WARN_ABOUT_RETURN_TYPE = YES_ERROR;
				GCC_WARN_UNDECLARED_SELECTOR = YES;
				GCC_WARN_UNINITIALIZED_AUTOS = YES_AGGRESSIVE;
				GCC_WARN_UNUSED_FUNCTION = YES;
				GCC_WARN_UNUSED_VARIABLE = YES;
				IPHONEOS_DEPLOYMENT_TARGET = 14.5;
				MTL_ENABLE_DEBUG_INFO = INCLUDE_SOURCE;
				MTL_FAST_MATH = YES;
				ONLY_ACTIVE_ARCH = YES;
				SDKROOT = iphoneos;
				SWIFT_ACTIVE_COMPILATION_CONDITIONS = DEBUG;
				SWIFT_OPTIMIZATION_LEVEL = "-Onone";
			};
			name = Debug;
		};
		1AE68DFB276B81B500A578FD /* Release */ = {
			isa = XCBuildConfiguration;
			buildSettings = {
				ALWAYS_SEARCH_USER_PATHS = NO;
				CLANG_ANALYZER_NONNULL = YES;
				CLANG_ANALYZER_NUMBER_OBJECT_CONVERSION = YES_AGGRESSIVE;
				CLANG_CXX_LANGUAGE_STANDARD = "gnu++14";
				CLANG_CXX_LIBRARY = "libc++";
				CLANG_ENABLE_MODULES = YES;
				CLANG_ENABLE_OBJC_ARC = YES;
				CLANG_ENABLE_OBJC_WEAK = YES;
				CLANG_WARN_BLOCK_CAPTURE_AUTORELEASING = YES;
				CLANG_WARN_BOOL_CONVERSION = YES;
				CLANG_WARN_COMMA = YES;
				CLANG_WARN_CONSTANT_CONVERSION = YES;
				CLANG_WARN_DEPRECATED_OBJC_IMPLEMENTATIONS = YES;
				CLANG_WARN_DIRECT_OBJC_ISA_USAGE = YES_ERROR;
				CLANG_WARN_DOCUMENTATION_COMMENTS = YES;
				CLANG_WARN_EMPTY_BODY = YES;
				CLANG_WARN_ENUM_CONVERSION = YES;
				CLANG_WARN_INFINITE_RECURSION = YES;
				CLANG_WARN_INT_CONVERSION = YES;
				CLANG_WARN_NON_LITERAL_NULL_CONVERSION = YES;
				CLANG_WARN_OBJC_IMPLICIT_RETAIN_SELF = YES;
				CLANG_WARN_OBJC_LITERAL_CONVERSION = YES;
				CLANG_WARN_OBJC_ROOT_CLASS = YES_ERROR;
				CLANG_WARN_QUOTED_INCLUDE_IN_FRAMEWORK_HEADER = YES;
				CLANG_WARN_RANGE_LOOP_ANALYSIS = YES;
				CLANG_WARN_STRICT_PROTOTYPES = YES;
				CLANG_WARN_SUSPICIOUS_MOVE = YES;
				CLANG_WARN_UNGUARDED_AVAILABILITY = YES_AGGRESSIVE;
				CLANG_WARN_UNREACHABLE_CODE = YES;
				CLANG_WARN__DUPLICATE_METHOD_MATCH = YES;
				COPY_PHASE_STRIP = NO;
				DEBUG_INFORMATION_FORMAT = "dwarf-with-dsym";
				ENABLE_NS_ASSERTIONS = NO;
				ENABLE_STRICT_OBJC_MSGSEND = YES;
				GCC_C_LANGUAGE_STANDARD = gnu11;
				GCC_NO_COMMON_BLOCKS = YES;
				GCC_WARN_64_TO_32_BIT_CONVERSION = YES;
				GCC_WARN_ABOUT_RETURN_TYPE = YES_ERROR;
				GCC_WARN_UNDECLARED_SELECTOR = YES;
				GCC_WARN_UNINITIALIZED_AUTOS = YES_AGGRESSIVE;
				GCC_WARN_UNUSED_FUNCTION = YES;
				GCC_WARN_UNUSED_VARIABLE = YES;
				IPHONEOS_DEPLOYMENT_TARGET = 14.5;
				MTL_ENABLE_DEBUG_INFO = NO;
				MTL_FAST_MATH = YES;
				SDKROOT = iphoneos;
				SWIFT_COMPILATION_MODE = wholemodule;
				SWIFT_OPTIMIZATION_LEVEL = "-O";
				VALIDATE_PRODUCT = YES;
			};
			name = Release;
		};
		1AE68DFD276B81B500A578FD /* Debug */ = {
			isa = XCBuildConfiguration;
			baseConfigurationReference = 714B7AA110E1AB26F5398289 /* Pods-WeatherTest.debug.xcconfig */;
			buildSettings = {
				ASSETCATALOG_COMPILER_APPICON_NAME = AppIcon;
				ASSETCATALOG_COMPILER_GLOBAL_ACCENT_COLOR_NAME = AccentColor;
				CODE_SIGN_STYLE = Automatic;
				DEVELOPMENT_ASSET_PATHS = "\"WeatherTest/Preview Content\"";
				DEVELOPMENT_TEAM = 4QTYLSM938;
				ENABLE_PREVIEWS = YES;
				INFOPLIST_FILE = WeatherTest/Info.plist;
				IPHONEOS_DEPLOYMENT_TARGET = 14.0;
				LD_RUNPATH_SEARCH_PATHS = (
					"$(inherited)",
					"@executable_path/Frameworks",
				);
				PRODUCT_BUNDLE_IDENTIFIER = "Smartester-People-CO.WeatherTest";
				PRODUCT_NAME = "$(TARGET_NAME)";
				SWIFT_VERSION = 5.0;
				TARGETED_DEVICE_FAMILY = "1,2";
			};
			name = Debug;
		};
		1AE68DFE276B81B500A578FD /* Release */ = {
			isa = XCBuildConfiguration;
			baseConfigurationReference = CE611DA3F36A08767FE7FCFF /* Pods-WeatherTest.release.xcconfig */;
			buildSettings = {
				ASSETCATALOG_COMPILER_APPICON_NAME = AppIcon;
				ASSETCATALOG_COMPILER_GLOBAL_ACCENT_COLOR_NAME = AccentColor;
				CODE_SIGN_STYLE = Automatic;
				DEVELOPMENT_ASSET_PATHS = "\"WeatherTest/Preview Content\"";
				DEVELOPMENT_TEAM = 4QTYLSM938;
				ENABLE_PREVIEWS = YES;
				INFOPLIST_FILE = WeatherTest/Info.plist;
				IPHONEOS_DEPLOYMENT_TARGET = 14.0;
				LD_RUNPATH_SEARCH_PATHS = (
					"$(inherited)",
					"@executable_path/Frameworks",
				);
				PRODUCT_BUNDLE_IDENTIFIER = "Smartester-People-CO.WeatherTest";
				PRODUCT_NAME = "$(TARGET_NAME)";
				SWIFT_VERSION = 5.0;
				TARGETED_DEVICE_FAMILY = "1,2";
			};
			name = Release;
		};
		1AE68E00276B81B500A578FD /* Debug */ = {
			isa = XCBuildConfiguration;
			buildSettings = {
				ALWAYS_EMBED_SWIFT_STANDARD_LIBRARIES = YES;
				BUNDLE_LOADER = "$(TEST_HOST)";
				CODE_SIGN_STYLE = Automatic;
				DEVELOPMENT_TEAM = 4QTYLSM938;
				INFOPLIST_FILE = WeatherTestTests/Info.plist;
				IPHONEOS_DEPLOYMENT_TARGET = 14.0;
				LD_RUNPATH_SEARCH_PATHS = (
					"$(inherited)",
					"@executable_path/Frameworks",
					"@loader_path/Frameworks",
				);
				PRODUCT_BUNDLE_IDENTIFIER = "Smartester-People-CO.WeatherTestTests";
				PRODUCT_NAME = "$(TARGET_NAME)";
				SWIFT_VERSION = 5.0;
				TARGETED_DEVICE_FAMILY = "1,2";
				TEST_HOST = "$(BUILT_PRODUCTS_DIR)/WeatherTest.app/WeatherTest";
			};
			name = Debug;
		};
		1AE68E01276B81B500A578FD /* Release */ = {
			isa = XCBuildConfiguration;
			buildSettings = {
				ALWAYS_EMBED_SWIFT_STANDARD_LIBRARIES = YES;
				BUNDLE_LOADER = "$(TEST_HOST)";
				CODE_SIGN_STYLE = Automatic;
				DEVELOPMENT_TEAM = 4QTYLSM938;
				INFOPLIST_FILE = WeatherTestTests/Info.plist;
				IPHONEOS_DEPLOYMENT_TARGET = 14.0;
				LD_RUNPATH_SEARCH_PATHS = (
					"$(inherited)",
					"@executable_path/Frameworks",
					"@loader_path/Frameworks",
				);
				PRODUCT_BUNDLE_IDENTIFIER = "Smartester-People-CO.WeatherTestTests";
				PRODUCT_NAME = "$(TARGET_NAME)";
				SWIFT_VERSION = 5.0;
				TARGETED_DEVICE_FAMILY = "1,2";
				TEST_HOST = "$(BUILT_PRODUCTS_DIR)/WeatherTest.app/WeatherTest";
			};
			name = Release;
		};
		1AE68E03276B81B500A578FD /* Debug */ = {
			isa = XCBuildConfiguration;
			buildSettings = {
				ALWAYS_EMBED_SWIFT_STANDARD_LIBRARIES = YES;
				CODE_SIGN_STYLE = Automatic;
				DEVELOPMENT_TEAM = 4QTYLSM938;
				INFOPLIST_FILE = WeatherTestUITests/Info.plist;
				LD_RUNPATH_SEARCH_PATHS = (
					"$(inherited)",
					"@executable_path/Frameworks",
					"@loader_path/Frameworks",
				);
				PRODUCT_BUNDLE_IDENTIFIER = "Smartester-People-CO.WeatherTestUITests";
				PRODUCT_NAME = "$(TARGET_NAME)";
				SWIFT_VERSION = 5.0;
				TARGETED_DEVICE_FAMILY = "1,2";
				TEST_TARGET_NAME = WeatherTest;
			};
			name = Debug;
		};
		1AE68E04276B81B500A578FD /* Release */ = {
			isa = XCBuildConfiguration;
			buildSettings = {
				ALWAYS_EMBED_SWIFT_STANDARD_LIBRARIES = YES;
				CODE_SIGN_STYLE = Automatic;
				DEVELOPMENT_TEAM = 4QTYLSM938;
				INFOPLIST_FILE = WeatherTestUITests/Info.plist;
				LD_RUNPATH_SEARCH_PATHS = (
					"$(inherited)",
					"@executable_path/Frameworks",
					"@loader_path/Frameworks",
				);
				PRODUCT_BUNDLE_IDENTIFIER = "Smartester-People-CO.WeatherTestUITests";
				PRODUCT_NAME = "$(TARGET_NAME)";
				SWIFT_VERSION = 5.0;
				TARGETED_DEVICE_FAMILY = "1,2";
				TEST_TARGET_NAME = WeatherTest;
			};
			name = Release;
		};
/* End XCBuildConfiguration section */

/* Begin XCConfigurationList section */
		1AE68DD2276B81B100A578FD /* Build configuration list for PBXProject "WeatherTest" */ = {
			isa = XCConfigurationList;
			buildConfigurations = (
				1AE68DFA276B81B500A578FD /* Debug */,
				1AE68DFB276B81B500A578FD /* Release */,
			);
			defaultConfigurationIsVisible = 0;
			defaultConfigurationName = Release;
		};
		1AE68DFC276B81B500A578FD /* Build configuration list for PBXNativeTarget "WeatherTest" */ = {
			isa = XCConfigurationList;
			buildConfigurations = (
				1AE68DFD276B81B500A578FD /* Debug */,
				1AE68DFE276B81B500A578FD /* Release */,
			);
			defaultConfigurationIsVisible = 0;
			defaultConfigurationName = Release;
		};
		1AE68DFF276B81B500A578FD /* Build configuration list for PBXNativeTarget "WeatherTestTests" */ = {
			isa = XCConfigurationList;
			buildConfigurations = (
				1AE68E00276B81B500A578FD /* Debug */,
				1AE68E01276B81B500A578FD /* Release */,
			);
			defaultConfigurationIsVisible = 0;
			defaultConfigurationName = Release;
		};
		1AE68E02276B81B500A578FD /* Build configuration list for PBXNativeTarget "WeatherTestUITests" */ = {
			isa = XCConfigurationList;
			buildConfigurations = (
				1AE68E03276B81B500A578FD /* Debug */,
				1AE68E04276B81B500A578FD /* Release */,
			);
			defaultConfigurationIsVisible = 0;
			defaultConfigurationName = Release;
		};
/* End XCConfigurationList section */
	};
	rootObject = 1AE68DCF276B81B100A578FD /* Project object */;
}
